
Microsoft Visual Studio Solution File, Format Version 11.00
# Visual Studio 2010
Project("{FAE04EC0-301F-11D3-BF4B-00C04F79EFBC}") = "EntityFramework.Extended", "EntityFramework.Extended\EntityFramework.Extended.csproj", "{D390C235-242C-4E92-9E0B-D2463E87B0F0}"
EndProject
Project("{FAE04EC0-301F-11D3-BF4B-00C04F79EFBC}") = "EntityFramework.Extended.Test", "EntityFramework.Extended.Test\EntityFramework.Extended.Test.csproj", "{732B8A40-BB2A-4E57-98CE-A48CF8F3D569}"
EndProject
Project("{2150E333-8FDC-42A3-9474-1A3956D46DE8}") = "Solution Items", "Solution Items", "{BE12C461-E0A7-43E3-B304-8D80D7E3D046}"
	ProjectSection(SolutionItems) = preProject
		EntityFramework.Extended.vsmdi = EntityFramework.Extended.vsmdi
		Local.testsettings = Local.testsettings
		..\Master.proj = ..\Master.proj
		..\readme.md = ..\readme.md
		TraceAndTestImpact.testsettings = TraceAndTestImpact.testsettings
	EndProjectSection
EndProject
Project("{FAE04EC0-301F-11D3-BF4B-00C04F79EFBC}") = "Tracker.SqlServer.CodeFirst", "Tracker.SqlServer.CodeFirst\Tracker.SqlServer.CodeFirst.csproj", "{FA68FB7C-D87E-497B-A300-F2A7827FE92C}"
EndProject
Project("{2150E333-8FDC-42A3-9474-1A3956D46DE8}") = "SqlServer", "SqlServer", "{14134A51-5696-4B7C-B257-40E06494C315}"
EndProject
Project("{FAE04EC0-301F-11D3-BF4B-00C04F79EFBC}") = "Tracker.SqlServer.Test", "Tracker.SqlServer.Test\Tracker.SqlServer.Test.csproj", "{ACB6E31F-C2B8-48BF-97C5-22FED0F6D6AC}"
EndProject
Project("{FAE04EC0-301F-11D3-BF4B-00C04F79EFBC}") = "Tracker.SqlServer.Entities", "Tracker.SqlServer.Entities\Tracker.SqlServer.Entities.csproj", "{60743577-CDBD-4E89-AC63-F46CF914458D}"
EndProject
Global
	GlobalSection(TestCaseManagementSettings) = postSolution
		CategoryFile = EntityFramework.Extended.vsmdi
	EndGlobalSection
	GlobalSection(SolutionConfigurationPlatforms) = preSolution
		Debug|Any CPU = Debug|Any CPU
		Release|Any CPU = Release|Any CPU
	EndGlobalSection
	GlobalSection(ProjectConfigurationPlatforms) = postSolution
		{D390C235-242C-4E92-9E0B-D2463E87B0F0}.Debug|Any CPU.ActiveCfg = Debug|Any CPU
		{D390C235-242C-4E92-9E0B-D2463E87B0F0}.Debug|Any CPU.Build.0 = Debug|Any CPU
		{D390C235-242C-4E92-9E0B-D2463E87B0F0}.Release|Any CPU.ActiveCfg = Release|Any CPU
		{D390C235-242C-4E92-9E0B-D2463E87B0F0}.Release|Any CPU.Build.0 = Release|Any CPU
		{732B8A40-BB2A-4E57-98CE-A48CF8F3D569}.Debug|Any CPU.ActiveCfg = Debug|Any CPU
		{732B8A40-BB2A-4E57-98CE-A48CF8F3D569}.Debug|Any CPU.Build.0 = Debug|Any CPU
		{732B8A40-BB2A-4E57-98CE-A48CF8F3D569}.Release|Any CPU.ActiveCfg = Release|Any CPU
		{732B8A40-BB2A-4E57-98CE-A48CF8F3D569}.Release|Any CPU.Build.0 = Release|Any CPU
		{FA68FB7C-D87E-497B-A300-F2A7827FE92C}.Debug|Any CPU.ActiveCfg = Debug|Any CPU
		{FA68FB7C-D87E-497B-A300-F2A7827FE92C}.Debug|Any CPU.Build.0 = Debug|Any CPU
		{FA68FB7C-D87E-497B-A300-F2A7827FE92C}.Release|Any CPU.ActiveCfg = Release|Any CPU
		{FA68FB7C-D87E-497B-A300-F2A7827FE92C}.Release|Any CPU.Build.0 = Release|Any CPU
		{ACB6E31F-C2B8-48BF-97C5-22FED0F6D6AC}.Debug|Any CPU.ActiveCfg = Debug|Any CPU
		{ACB6E31F-C2B8-48BF-97C5-22FED0F6D6AC}.Debug|Any CPU.Build.0 = Debug|Any CPU
		{ACB6E31F-C2B8-48BF-97C5-22FED0F6D6AC}.Release|Any CPU.ActiveCfg = Release|Any CPU
		{ACB6E31F-C2B8-48BF-97C5-22FED0F6D6AC}.Release|Any CPU.Build.0 = Release|Any CPU
		{60743577-CDBD-4E89-AC63-F46CF914458D}.Debug|Any CPU.ActiveCfg = Debug|Any CPU
		{60743577-CDBD-4E89-AC63-F46CF914458D}.Debug|Any CPU.Build.0 = Debug|Any CPU
		{60743577-CDBD-4E89-AC63-F46CF914458D}.Release|Any CPU.ActiveCfg = Release|Any CPU
		{60743577-CDBD-4E89-AC63-F46CF914458D}.Release|Any CPU.Build.0 = Release|Any CPU
	EndGlobalSection
	GlobalSection(SolutionProperties) = preSolution
		HideSolutionNode = FALSE
	EndGlobalSection
	GlobalSection(NestedProjects) = preSolution
		{FA68FB7C-D87E-497B-A300-F2A7827FE92C} = {14134A51-5696-4B7C-B257-40E06494C315}
		{ACB6E31F-C2B8-48BF-97C5-22FED0F6D6AC} = {14134A51-5696-4B7C-B257-40E06494C315}
		{60743577-CDBD-4E89-AC63-F46CF914458D} = {14134A51-5696-4B7C-B257-40E06494C315}
	EndGlobalSection
EndGlobal
