
Microsoft Visual Studio Solution File, Format Version 12.00
# Visual Studio 2013
VisualStudioVersion = 12.0.21005.1
MinimumVisualStudioVersion = 10.0.40219.1
Project("{FAE04EC0-301F-11D3-BF4B-00C04F79EFBC}") = "EntityFramework.Extended.net40", "EntityFramework.Extended\EntityFramework.Extended.net40.csproj", "{D390C235-242C-4E92-9E0B-D2463E87B0F0}"
EndProject
Project("{FAE04EC0-301F-11D3-BF4B-00C04F79EFBC}") = "EntityFramework.Extended.Test.net40", "EntityFramework.Extended.Test\EntityFramework.Extended.Test.net40.csproj", "{732B8A40-BB2A-4E57-98CE-A48CF8F3D569}"
EndProject
Project("{2150E333-8FDC-42A3-9474-1A3956D46DE8}") = "Solution Items", "Solution Items", "{BE12C461-E0A7-43E3-B304-8D80D7E3D046}"
	ProjectSection(SolutionItems) = preProject
		..\EntityFramework.Extended.nuspec = ..\EntityFramework.Extended.nuspec
		..\Master.proj = ..\Master.proj
		..\readme.md = ..\readme.md
	EndProjectSection
EndProject
Project("{FAE04EC0-301F-11D3-BF4B-00C04F79EFBC}") = "Tracker.SqlServer.CodeFirst.net40", "Samples\net40\Tracker.SqlServer.CodeFirst\Tracker.SqlServer.CodeFirst.net40.csproj", "{FA68FB7C-D87E-497B-A300-F2A7827FE92C}"
EndProject
Project("{2150E333-8FDC-42A3-9474-1A3956D46DE8}") = "SqlServer", "SqlServer", "{14134A51-5696-4B7C-B257-40E06494C315}"
EndProject
Project("{FAE04EC0-301F-11D3-BF4B-00C04F79EFBC}") = "Tracker.SqlServer.Test.net40", "Samples\net40\Tracker.SqlServer.Test\Tracker.SqlServer.Test.net40.csproj", "{ACB6E31F-C2B8-48BF-97C5-22FED0F6D6AC}"
EndProject
Project("{FAE04EC0-301F-11D3-BF4B-00C04F79EFBC}") = "Tracker.SqlServer.Entities.net40", "Samples\net40\Tracker.SqlServer.Entities\Tracker.SqlServer.Entities.net40.csproj", "{60743577-CDBD-4E89-AC63-F46CF914458D}"
EndProject
Project("{2150E333-8FDC-42A3-9474-1A3956D46DE8}") = ".nuget", ".nuget", "{0E3BC071-9F05-44AF-AA3E-4373EF1390A1}"
	ProjectSection(SolutionItems) = preProject
		.nuget\NuGet.Config = .nuget\NuGet.Config
		.nuget\NuGet.exe = .nuget\NuGet.exe
		.nuget\NuGet.targets = .nuget\NuGet.targets
	EndProjectSection
EndProject
Global
	GlobalSection(SolutionConfigurationPlatforms) = preSolution
		Debug|Any CPU = Debug|Any CPU
		Release|Any CPU = Release|Any CPU
	EndGlobalSection
	GlobalSection(ProjectConfigurationPlatforms) = postSolution
		{D390C235-242C-4E92-9E0B-D2463E87B0F0}.Debug|Any CPU.ActiveCfg = Debug|Any CPU
		{D390C235-242C-4E92-9E0B-D2463E87B0F0}.Debug|Any CPU.Build.0 = Debug|Any CPU
		{D390C235-242C-4E92-9E0B-D2463E87B0F0}.Release|Any CPU.ActiveCfg = Release|Any CPU
		{D390C235-242C-4E92-9E0B-D2463E87B0F0}.Release|Any CPU.Build.0 = Release|Any CPU
		{732B8A40-BB2A-4E57-98CE-A48CF8F3D569}.Debug|Any CPU.ActiveCfg = Debug|Any CPU
		{732B8A40-BB2A-4E57-98CE-A48CF8F3D569}.Debug|Any CPU.Build.0 = Debug|Any CPU
		{732B8A40-BB2A-4E57-98CE-A48CF8F3D569}.Release|Any CPU.ActiveCfg = Release|Any CPU
		{732B8A40-BB2A-4E57-98CE-A48CF8F3D569}.Release|Any CPU.Build.0 = Release|Any CPU
		{FA68FB7C-D87E-497B-A300-F2A7827FE92C}.Debug|Any CPU.ActiveCfg = Debug|Any CPU
		{FA68FB7C-D87E-497B-A300-F2A7827FE92C}.Debug|Any CPU.Build.0 = Debug|Any CPU
		{FA68FB7C-D87E-497B-A300-F2A7827FE92C}.Release|Any CPU.ActiveCfg = Release|Any CPU
		{FA68FB7C-D87E-497B-A300-F2A7827FE92C}.Release|Any CPU.Build.0 = Release|Any CPU
		{ACB6E31F-C2B8-48BF-97C5-22FED0F6D6AC}.Debug|Any CPU.ActiveCfg = Debug|Any CPU
		{ACB6E31F-C2B8-48BF-97C5-22FED0F6D6AC}.Debug|Any CPU.Build.0 = Debug|Any CPU
		{ACB6E31F-C2B8-48BF-97C5-22FED0F6D6AC}.Release|Any CPU.ActiveCfg = Release|Any CPU
		{ACB6E31F-C2B8-48BF-97C5-22FED0F6D6AC}.Release|Any CPU.Build.0 = Release|Any CPU
		{60743577-CDBD-4E89-AC63-F46CF914458D}.Debug|Any CPU.ActiveCfg = Debug|Any CPU
		{60743577-CDBD-4E89-AC63-F46CF914458D}.Debug|Any CPU.Build.0 = Debug|Any CPU
		{60743577-CDBD-4E89-AC63-F46CF914458D}.Release|Any CPU.ActiveCfg = Release|Any CPU
		{60743577-CDBD-4E89-AC63-F46CF914458D}.Release|Any CPU.Build.0 = Release|Any CPU
	EndGlobalSection
	GlobalSection(SolutionProperties) = preSolution
		HideSolutionNode = FALSE
	EndGlobalSection
	GlobalSection(NestedProjects) = preSolution
		{FA68FB7C-D87E-497B-A300-F2A7827FE92C} = {14134A51-5696-4B7C-B257-40E06494C315}
		{ACB6E31F-C2B8-48BF-97C5-22FED0F6D6AC} = {14134A51-5696-4B7C-B257-40E06494C315}
		{60743577-CDBD-4E89-AC63-F46CF914458D} = {14134A51-5696-4B7C-B257-40E06494C315}
	EndGlobalSection
	GlobalSection(TestCaseManagementSettings) = postSolution
		CategoryFile = EntityFramework.Extended.vsmdi
	EndGlobalSection
EndGlobal
